// !$*UTF8*$!
{
	archiveVersion = 1;
	classes = {
	};
	objectVersion = 46;
	objects = {

/* Begin PBXBuildFile section */
		5C2F77BF1C3C09DE00917C92 /* main.cpp in Sources */ = {isa = PBXBuildFile; fileRef = 5C2F77BE1C3C09DE00917C92 /* main.cpp */; };
		5C2F77C71C3C9F1500917C92 /* libopencv_highgui.3.1.0.dylib in Frameworks */ = {isa = PBXBuildFile; fileRef = 5C2F77C51C3C9F1500917C92 /* libopencv_highgui.3.1.0.dylib */; };
		5C2F77C81C3C9F1500917C92 /* libopencv_core.3.1.0.dylib in Frameworks */ = {isa = PBXBuildFile; fileRef = 5C2F77C61C3C9F1500917C92 /* libopencv_core.3.1.0.dylib */; };
/* End PBXBuildFile section */

/* Begin PBXCopyFilesBuildPhase section */
		5C2F77B91C3C09DE00917C92 /* CopyFiles */ = {
			isa = PBXCopyFilesBuildPhase;
			buildActionMask = 2147483647;
			dstPath = /usr/share/man/man1/;
			dstSubfolderSpec = 0;
			files = (
			);
			runOnlyForDeploymentPostprocessing = 1;
		};
/* End PBXCopyFilesBuildPhase section */

/* Begin PBXFileReference section */
		5C2F77BB1C3C09DE00917C92 /* opencvTest */ = {isa = PBXFileReference; explicitFileType = "compiled.mach-o.executable"; includeInIndex = 0; path = opencvTest; sourceTree = BUILT_PRODUCTS_DIR; };
		5C2F77BE1C3C09DE00917C92 /* main.cpp */ = {isa = PBXFileReference; lastKnownFileType = sourcecode.cpp.cpp; path = main.cpp; sourceTree = "<group>"; };
		5C2F77C51C3C9F1500917C92 /* libopencv_highgui.3.1.0.dylib */ = {isa = PBXFileReference; lastKnownFileType = "compiled.mach-o.dylib"; name = libopencv_highgui.3.1.0.dylib; path = ../../../../usr/local/Cellar/opencv3/3.1.0/lib/libopencv_highgui.3.1.0.dylib; sourceTree = "<group>"; };
		5C2F77C61C3C9F1500917C92 /* libopencv_core.3.1.0.dylib */ = {isa = PBXFileReference; lastKnownFileType = "compiled.mach-o.dylib"; name = libopencv_core.3.1.0.dylib; path = ../../../../usr/local/Cellar/opencv3/3.1.0/lib/libopencv_core.3.1.0.dylib; sourceTree = "<group>"; };
		5C2F77CA1C3CC49D00917C92 /* Install_OpenCV3_Mac.txt */ = {isa = PBXFileReference; lastKnownFileType = text; path = Install_OpenCV3_Mac.txt; sourceTree = "<group>"; };
/* End PBXFileReference section */

/* Begin PBXFrameworksBuildPhase section */
		5C2F77B81C3C09DE00917C92 /* Frameworks */ = {
			isa = PBXFrameworksBuildPhase;
			buildActionMask = 2147483647;
			files = (
				5C2F77C71C3C9F1500917C92 /* libopencv_highgui.3.1.0.dylib in Frameworks */,
				5C2F77C81C3C9F1500917C92 /* libopencv_core.3.1.0.dylib in Frameworks */,
			);
			runOnlyForDeploymentPostprocessing = 0;
		};
/* End PBXFrameworksBuildPhase section */

/* Begin PBXGroup section */
		5C2F77B21C3C09DE00917C92 = {
			isa = PBXGroup;
			children = (
				5C2F77C51C3C9F1500917C92 /* libopencv_highgui.3.1.0.dylib */,
				5C2F77C61C3C9F1500917C92 /* libopencv_core.3.1.0.dylib */,
				5C2F77BD1C3C09DE00917C92 /* opencvTest */,
				5C2F77BC1C3C09DE00917C92 /* Products */,
				5C2F77CA1C3CC49D00917C92 /* Install_OpenCV3_Mac.txt */,
			);
			sourceTree = "<group>";
		};
		5C2F77BC1C3C09DE00917C92 /* Products */ = {
			isa = PBXGroup;
			children = (
				5C2F77BB1C3C09DE00917C92 /* opencvTest */,
			);
			name = Products;
			sourceTree = "<group>";
		};
		5C2F77BD1C3C09DE00917C92 /* opencvTest */ = {
			isa = PBXGroup;
			children = (
				5C2F77BE1C3C09DE00917C92 /* main.cpp */,
			);
			path = opencvTest;
			sourceTree = "<group>";
		};
/* End PBXGroup section */

/* Begin PBXNativeTarget section */
		5C2F77BA1C3C09DE00917C92 /* opencvTest */ = {
			isa = PBXNativeTarget;
			buildConfigurationList = 5C2F77C21C3C09DE00917C92 /* Build configuration list for PBXNativeTarget "opencvTest" */;
			buildPhases = (
				5C2F77B71C3C09DE00917C92 /* Sources */,
				5C2F77B81C3C09DE00917C92 /* Frameworks */,
				5C2F77B91C3C09DE00917C92 /* CopyFiles */,
			);
			buildRules = (
			);
			dependencies = (
			);
			name = opencvTest;
			productName = opencvTest;
			productReference = 5C2F77BB1C3C09DE00917C92 /* opencvTest */;
			productType = "com.apple.product-type.tool";
		};
/* End PBXNativeTarget section */

/* Begin PBXProject section */
		5C2F77B31C3C09DE00917C92 /* Project object */ = {
			isa = PBXProject;
			attributes = {
				LastUpgradeCheck = 0720;
				ORGANIZATIONNAME = "___NHU___";
				TargetAttributes = {
					5C2F77BA1C3C09DE00917C92 = {
						CreatedOnToolsVersion = 7.2;
					};
				};
			};
			buildConfigurationList = 5C2F77B61C3C09DE00917C92 /* Build configuration list for PBXProject "opencvTest" */;
			compatibilityVersion = "Xcode 3.2";
			developmentRegion = English;
			hasScannedForEncodings = 0;
			knownRegions = (
				en,
			);
			mainGroup = 5C2F77B21C3C09DE00917C92;
			productRefGroup = 5C2F77BC1C3C09DE00917C92 /* Products */;
			projectDirPath = "";
			projectRoot = "";
			targets = (
				5C2F77BA1C3C09DE00917C92 /* opencvTest */,
			);
		};
/* End PBXProject section */

/* Begin PBXSourcesBuildPhase section */
		5C2F77B71C3C09DE00917C92 /* Sources */ = {
			isa = PBXSourcesBuildPhase;
			buildActionMask = 2147483647;
			files = (
				5C2F77BF1C3C09DE00917C92 /* main.cpp in Sources */,
			);
			runOnlyForDeploymentPostprocessing = 0;
		};
/* End PBXSourcesBuildPhase section */

/* Begin XCBuildConfiguration section */
		5C2F77C01C3C09DE00917C92 /* Debug */ = {
			isa = XCBuildConfiguration;
			buildSettings = {
				ALWAYS_SEARCH_USER_PATHS = NO;
				CLANG_CXX_LANGUAGE_STANDARD = "gnu++0x";
				CLANG_CXX_LIBRARY = "libc++";
				CLANG_ENABLE_MODULES = YES;
				CLANG_ENABLE_OBJC_ARC = YES;
				CLANG_WARN_BOOL_CONVERSION = YES;
				CLANG_WARN_CONSTANT_CONVERSION = YES;
				CLANG_WARN_DIRECT_OBJC_ISA_USAGE = YES_ERROR;
				CLANG_WARN_EMPTY_BODY = YES;
				CLANG_WARN_ENUM_CONVERSION = YES;
				CLANG_WARN_INT_CONVERSION = YES;
				CLANG_WARN_OBJC_ROOT_CLASS = YES_ERROR;
				CLANG_WARN_UNREACHABLE_CODE = YES;
				CLANG_WARN__DUPLICATE_METHOD_MATCH = YES;
				CODE_SIGN_IDENTITY = "-";
				COPY_PHASE_STRIP = NO;
				DEBUG_INFORMATION_FORMAT = dwarf;
				ENABLE_STRICT_OBJC_MSGSEND = YES;
				ENABLE_TESTABILITY = YES;
				GCC_C_LANGUAGE_STANDARD = gnu99;
				GCC_DYNAMIC_NO_PIC = NO;
				GCC_NO_COMMON_BLOCKS = YES;
				GCC_OPTIMIZATION_LEVEL = 0;
				GCC_PREPROCESSOR_DEFINITIONS = (
					"DEBUG=1",
					"$(inherited)",
				);
				GCC_WARN_64_TO_32_BIT_CONVERSION = YES;
				GCC_WARN_ABOUT_RETURN_TYPE = YES_ERROR;
				GCC_WARN_UNDECLARED_SELECTOR = YES;
				GCC_WARN_UNINITIALIZED_AUTOS = YES_AGGRESSIVE;
				GCC_WARN_UNUSED_FUNCTION = YES;
				GCC_WARN_UNUSED_VARIABLE = YES;
				MACOSX_DEPLOYMENT_TARGET = 10.11;
				MTL_ENABLE_DEBUG_INFO = YES;
				ONLY_ACTIVE_ARCH = YES;
				SDKROOT = macosx;
			};
			name = Debug;
		};
		5C2F77C11C3C09DE00917C92 /* Release */ = {
			isa = XCBuildConfiguration;
			buildSettings = {
				ALWAYS_SEARCH_USER_PATHS = NO;
				CLANG_CXX_LANGUAGE_STANDARD = "gnu++0x";
				CLANG_CXX_LIBRARY = "libc++";
				CLANG_ENABLE_MODULES = YES;
				CLANG_ENABLE_OBJC_ARC = YES;
				CLANG_WARN_BOOL_CONVERSION = YES;
				CLANG_WARN_CONSTANT_CONVERSION = YES;
				CLANG_WARN_DIRECT_OBJC_ISA_USAGE = YES_ERROR;
				CLANG_WARN_EMPTY_BODY = YES;
				CLANG_WARN_ENUM_CONVERSION = YES;
				CLANG_WARN_INT_CONVERSION = YES;
				CLANG_WARN_OBJC_ROOT_CLASS = YES_ERROR;
				CLANG_WARN_UNREACHABLE_CODE = YES;
				CLANG_WARN__DUPLICATE_METHOD_MATCH = YES;
				CODE_SIGN_IDENTITY = "-";
				COPY_PHASE_STRIP = NO;
				DEBUG_INFORMATION_FORMAT = "dwarf-with-dsym";
				ENABLE_NS_ASSERTIONS = NO;
				ENABLE_STRICT_OBJC_MSGSEND = YES;
				GCC_C_LANGUAGE_STANDARD = gnu99;
				GCC_NO_COMMON_BLOCKS = YES;
				GCC_WARN_64_TO_32_BIT_CONVERSION = YES;
				GCC_WARN_ABOUT_RETURN_TYPE = YES_ERROR;
				GCC_WARN_UNDECLARED_SELECTOR = YES;
				GCC_WARN_UNINITIALIZED_AUTOS = YES_AGGRESSIVE;
				GCC_WARN_UNUSED_FUNCTION = YES;
				GCC_WARN_UNUSED_VARIABLE = YES;
				MACOSX_DEPLOYMENT_TARGET = 10.11;
				MTL_ENABLE_DEBUG_INFO = NO;
				SDKROOT = macosx;
			};
			name = Release;
		};
		5C2F77C31C3C09DE00917C92 /* Debug */ = {
			isa = XCBuildConfiguration;
			buildSettings = {
				HEADER_SEARCH_PATHS = "/usr/local/Cellar/opencv3/3.1.0/include/**";
				LIBRARY_SEARCH_PATHS = /usr/local/Cellar/opencv3/3.1.0/lib;
				PRODUCT_NAME = "$(TARGET_NAME)";
			};
			name = Debug;
		};
		5C2F77C41C3C09DE00917C92 /* Release */ = {
			isa = XCBuildConfiguration;
			buildSettings = {
				HEADER_SEARCH_PATHS = "/usr/local/Cellar/opencv3/3.1.0/include/**";
				LIBRARY_SEARCH_PATHS = /usr/local/Cellar/opencv3/3.1.0/lib;
				PRODUCT_NAME = "$(TARGET_NAME)";
			};
			name = Release;
		};
/* End XCBuildConfiguration section */

/* Begin XCConfigurationList section */
		5C2F77B61C3C09DE00917C92 /* Build configuration list for PBXProject "opencvTest" */ = {
			isa = XCConfigurationList;
			buildConfigurations = (
				5C2F77C01C3C09DE00917C92 /* Debug */,
				5C2F77C11C3C09DE00917C92 /* Release */,
			);
			defaultConfigurationIsVisible = 0;
			defaultConfigurationName = Release;
		};
		5C2F77C21C3C09DE00917C92 /* Build configuration list for PBXNativeTarget "opencvTest" */ = {
			isa = XCConfigurationList;
			buildConfigurations = (
				5C2F77C31C3C09DE00917C92 /* Debug */,
				5C2F77C41C3C09DE00917C92 /* Release */,
			);
			defaultConfigurationIsVisible = 0;
			defaultConfigurationName = Release;
		};
/* End XCConfigurationList section */
	};
	rootObject = 5C2F77B31C3C09DE00917C92 /* Project object */;
}
